
Microsoft Visual Studio Solution File, Format Version 12.00
# Visual Studio Version 16
VisualStudioVersion = 16.0.29519.181
MinimumVisualStudioVersion = 10.0.40219.1
Project("{FAE04EC0-301F-11D3-BF4B-00C04F79EFBC}") = "BlazorToDo", "BlazorToDo\BlazorToDo.csproj", "{D265C069-BCAA-42B8-B45B-35B06E5F14A7}"
EndProject
Global
	GlobalSection(SolutionConfigurationPlatforms) = preSolution
		Debug|Any CPU = Debug|Any CPU
		Release|Any CPU = Release|Any CPU
	EndGlobalSection
	GlobalSection(ProjectConfigurationPlatforms) = postSolution
		{D265C069-BCAA-42B8-B45B-35B06E5F14A7}.Debug|Any CPU.ActiveCfg = Debug|Any CPU
		{D265C069-BCAA-42B8-B45B-35B06E5F14A7}.Debug|Any CPU.Build.0 = Debug|Any CPU
		{D265C069-BCAA-42B8-B45B-35B06E5F14A7}.Release|Any CPU.ActiveCfg = Release|Any CPU
		{D265C069-BCAA-42B8-B45B-35B06E5F14A7}.Release|Any CPU.Build.0 = Release|Any CPU
	EndGlobalSection
	GlobalSection(SolutionProperties) = preSolution
		HideSolutionNode = FALSE
	EndGlobalSection
	GlobalSection(ExtensibilityGlobals) = postSolution
		SolutionGuid = {01BF20A5-D68C-48D9-B4E8-8CEEBE044417}
	EndGlobalSection
EndGlobal
