
Microsoft Visual Studio Solution File, Format Version 12.00
# Visual Studio Version 16
VisualStudioVersion = 16.0.29519.181
MinimumVisualStudioVersion = 10.0.40219.1
Project("{9A19103F-16F7-4668-BE54-9A1E7A4F7556}") = "BlazorTodo", "BlazorTodo\BlazorTodo.csproj", "{0165D004-2D2F-471B-BE5A-F39EC64AFE57}"
EndProject
Global
	GlobalSection(SolutionConfigurationPlatforms) = preSolution
		Debug|Any CPU = Debug|Any CPU
		Release|Any CPU = Release|Any CPU
	EndGlobalSection
	GlobalSection(ProjectConfigurationPlatforms) = postSolution
		{0165D004-2D2F-471B-BE5A-F39EC64AFE57}.Debug|Any CPU.ActiveCfg = Debug|Any CPU
		{0165D004-2D2F-471B-BE5A-F39EC64AFE57}.Debug|Any CPU.Build.0 = Debug|Any CPU
		{0165D004-2D2F-471B-BE5A-F39EC64AFE57}.Release|Any CPU.ActiveCfg = Release|Any CPU
		{0165D004-2D2F-471B-BE5A-F39EC64AFE57}.Release|Any CPU.Build.0 = Release|Any CPU
	EndGlobalSection
	GlobalSection(SolutionProperties) = preSolution
		HideSolutionNode = FALSE
	EndGlobalSection
	GlobalSection(ExtensibilityGlobals) = postSolution
		SolutionGuid = {6C6D0120-8902-4C2D-9A5F-FFF420979217}
	EndGlobalSection
EndGlobal
